
Microsoft Visual Studio Solution File, Format Version 12.00
# Visual Studio Version 17
VisualStudioVersion = 17.11.35327.3
MinimumVisualStudioVersion = 10.0.40219.1
Project("{FAE04EC0-301F-11D3-BF4B-00C04F79EFBC}") = "test asp.net mvc 4.8", "test asp.net mvc 4.8\test asp.net mvc 4.8.csproj", "{E3BC67F1-B916-49E6-8E5E-A307A7A098B0}"
EndProject
Global
	GlobalSection(SolutionConfigurationPlatforms) = preSolution
		Debug|Any CPU = Debug|Any CPU
		Release|Any CPU = Release|Any CPU
	EndGlobalSection
	GlobalSection(ProjectConfigurationPlatforms) = postSolution
		{E3BC67F1-B916-49E6-8E5E-A307A7A098B0}.Debug|Any CPU.ActiveCfg = Debug|Any CPU
		{E3BC67F1-B916-49E6-8E5E-A307A7A098B0}.Debug|Any CPU.Build.0 = Debug|Any CPU
		{E3BC67F1-B916-49E6-8E5E-A307A7A098B0}.Release|Any CPU.ActiveCfg = Release|Any CPU
		{E3BC67F1-B916-49E6-8E5E-A307A7A098B0}.Release|Any CPU.Build.0 = Release|Any CPU
	EndGlobalSection
	GlobalSection(SolutionProperties) = preSolution
		HideSolutionNode = FALSE
	EndGlobalSection
	GlobalSection(ExtensibilityGlobals) = postSolution
		SolutionGuid = {E55C331F-60D5-499A-9CB7-F0F910220BFD}
	EndGlobalSection
EndGlobal
